
Microsoft Visual Studio Solution File, Format Version 12.00
# Visual Studio Version 16
VisualStudioVersion = 16.0.29505.145
MinimumVisualStudioVersion = 10.0.40219.1
Project("{FAE04EC0-301F-11D3-BF4B-00C04F79EFBC}") = "EnvTestDemo", "EnvTestDemo\EnvTestDemo.csproj", "{C7D78DEB-BD16-4716-A904-7A649AD61A1A}"
EndProject
Project("{2150E333-8FDC-42A3-9474-1A3956D46DE8}") = "Deployment", "Deployment", "{96B4CA11-5AA5-443B-80D3-C11E909618C2}"
	ProjectSection(SolutionItems) = preProject
		azure-pipelines.yml = azure-pipelines.yml
	EndProjectSection
EndProject
Global
	GlobalSection(SolutionConfigurationPlatforms) = preSolution
		Debug|Any CPU = Debug|Any CPU
		Release|Any CPU = Release|Any CPU
	EndGlobalSection
	GlobalSection(ProjectConfigurationPlatforms) = postSolution
		{C7D78DEB-BD16-4716-A904-7A649AD61A1A}.Debug|Any CPU.ActiveCfg = Debug|Any CPU
		{C7D78DEB-BD16-4716-A904-7A649AD61A1A}.Debug|Any CPU.Build.0 = Debug|Any CPU
		{C7D78DEB-BD16-4716-A904-7A649AD61A1A}.Release|Any CPU.ActiveCfg = Release|Any CPU
		{C7D78DEB-BD16-4716-A904-7A649AD61A1A}.Release|Any CPU.Build.0 = Release|Any CPU
	EndGlobalSection
	GlobalSection(SolutionProperties) = preSolution
		HideSolutionNode = FALSE
	EndGlobalSection
	GlobalSection(ExtensibilityGlobals) = postSolution
		SolutionGuid = {BD72E792-0EE4-4994-848E-CDE4641FB98F}
	EndGlobalSection
EndGlobal
